
Microsoft Visual Studio Solution File, Format Version 12.00
# Visual Studio 15
VisualStudioVersion = 15.0.28307.489
MinimumVisualStudioVersion = 10.0.40219.1
Project("{FAE04EC0-301F-11D3-BF4B-00C04F79EFBC}") = "Study0509", "Study0509\Study0509.csproj", "{9F894133-6CCA-4B4C-AD39-0D8E68D753D5}"
EndProject
Global
	GlobalSection(SolutionConfigurationPlatforms) = preSolution
		Debug|Any CPU = Debug|Any CPU
		Release|Any CPU = Release|Any CPU
	EndGlobalSection
	GlobalSection(ProjectConfigurationPlatforms) = postSolution
		{9F894133-6CCA-4B4C-AD39-0D8E68D753D5}.Debug|Any CPU.ActiveCfg = Debug|Any CPU
		{9F894133-6CCA-4B4C-AD39-0D8E68D753D5}.Debug|Any CPU.Build.0 = Debug|Any CPU
		{9F894133-6CCA-4B4C-AD39-0D8E68D753D5}.Release|Any CPU.ActiveCfg = Release|Any CPU
		{9F894133-6CCA-4B4C-AD39-0D8E68D753D5}.Release|Any CPU.Build.0 = Release|Any CPU
	EndGlobalSection
	GlobalSection(SolutionProperties) = preSolution
		HideSolutionNode = FALSE
	EndGlobalSection
	GlobalSection(ExtensibilityGlobals) = postSolution
		SolutionGuid = {EFEE12ED-F3FC-4132-A016-3F9B6D1A27B8}
	EndGlobalSection
EndGlobal
